
Microsoft Visual Studio Solution File, Format Version 12.00
# Visual Studio Version 16
VisualStudioVersion = 16.0.29418.71
MinimumVisualStudioVersion = 10.0.40219.1
Project("{9A19103F-16F7-4668-BE54-9A1E7A4F7556}") = "MedicalTraineeScheduling", "MedicalTraineeScheduling\MedicalTraineeScheduling.csproj", "{EB3DA344-9A9C-4D2A-8013-F957B0595149}"
EndProject
Project("{FAE04EC0-301F-11D3-BF4B-00C04F79EFBC}") = "DataLayer", "DataLayer\DataLayer.csproj", "{9AD6D2D3-A163-48F6-84A8-74CF64358399}"
EndProject
Project("{9A19103F-16F7-4668-BE54-9A1E7A4F7556}") = "NestedHungarianAlgorithm", "NestedHungarianAlgorithm\NestedHungarianAlgorithm.csproj", "{FAD91323-AFD8-4408-B570-45B76867E225}"
EndProject
Project("{9A19103F-16F7-4668-BE54-9A1E7A4F7556}") = "GeneralMIPAlgorithm", "GeneralMIPAlgorithm\GeneralMIPAlgorithm.csproj", "{99887E4C-F80C-4B7F-A83B-864C0BE88FD6}"
EndProject
Project("{9A19103F-16F7-4668-BE54-9A1E7A4F7556}") = "BranchAndPriceAlgorithm", "BranchAndPriceAlgorithm\BranchAndPriceAlgorithm.csproj", "{D0621492-FDE7-40EF-BA27-906144F1F144}"
EndProject
Project("{9A19103F-16F7-4668-BE54-9A1E7A4F7556}") = "NestedDynamicProgrammingAlgorithm", "DynamicProgramming\NestedDynamicProgrammingAlgorithm.csproj", "{56AABDBE-0A43-4301-9406-16A01D4C26CF}"
EndProject
Project("{9A19103F-16F7-4668-BE54-9A1E7A4F7556}") = "MultiLevelSolutionMethodology", "MultiLevelSolutionMethodology\MultiLevelSolutionMethodology.csproj", "{7B3D8479-13E7-4343-A946-08561D10ACA2}"
EndProject
Project("{FAE04EC0-301F-11D3-BF4B-00C04F79EFBC}") = "MultiObjectiveOptimization", "MultiObjectiveOptimization\MultiObjectiveOptimization.csproj", "{7E0B04E6-F400-46DE-A27A-84A2D25C9CD2}"
EndProject
Global
	GlobalSection(SolutionConfigurationPlatforms) = preSolution
		Debug|Any CPU = Debug|Any CPU
		Release|Any CPU = Release|Any CPU
	EndGlobalSection
	GlobalSection(ProjectConfigurationPlatforms) = postSolution
		{EB3DA344-9A9C-4D2A-8013-F957B0595149}.Debug|Any CPU.ActiveCfg = Debug|Any CPU
		{EB3DA344-9A9C-4D2A-8013-F957B0595149}.Debug|Any CPU.Build.0 = Debug|Any CPU
		{EB3DA344-9A9C-4D2A-8013-F957B0595149}.Release|Any CPU.ActiveCfg = Release|Any CPU
		{EB3DA344-9A9C-4D2A-8013-F957B0595149}.Release|Any CPU.Build.0 = Release|Any CPU
		{9AD6D2D3-A163-48F6-84A8-74CF64358399}.Debug|Any CPU.ActiveCfg = Debug|Any CPU
		{9AD6D2D3-A163-48F6-84A8-74CF64358399}.Debug|Any CPU.Build.0 = Debug|Any CPU
		{9AD6D2D3-A163-48F6-84A8-74CF64358399}.Release|Any CPU.ActiveCfg = Release|Any CPU
		{9AD6D2D3-A163-48F6-84A8-74CF64358399}.Release|Any CPU.Build.0 = Release|Any CPU
		{FAD91323-AFD8-4408-B570-45B76867E225}.Debug|Any CPU.ActiveCfg = Debug|Any CPU
		{FAD91323-AFD8-4408-B570-45B76867E225}.Debug|Any CPU.Build.0 = Debug|Any CPU
		{FAD91323-AFD8-4408-B570-45B76867E225}.Release|Any CPU.ActiveCfg = Release|Any CPU
		{FAD91323-AFD8-4408-B570-45B76867E225}.Release|Any CPU.Build.0 = Release|Any CPU
		{99887E4C-F80C-4B7F-A83B-864C0BE88FD6}.Debug|Any CPU.ActiveCfg = Debug|Any CPU
		{99887E4C-F80C-4B7F-A83B-864C0BE88FD6}.Debug|Any CPU.Build.0 = Debug|Any CPU
		{99887E4C-F80C-4B7F-A83B-864C0BE88FD6}.Release|Any CPU.ActiveCfg = Release|Any CPU
		{99887E4C-F80C-4B7F-A83B-864C0BE88FD6}.Release|Any CPU.Build.0 = Release|Any CPU
		{D0621492-FDE7-40EF-BA27-906144F1F144}.Debug|Any CPU.ActiveCfg = Debug|Any CPU
		{D0621492-FDE7-40EF-BA27-906144F1F144}.Debug|Any CPU.Build.0 = Debug|Any CPU
		{D0621492-FDE7-40EF-BA27-906144F1F144}.Release|Any CPU.ActiveCfg = Release|Any CPU
		{D0621492-FDE7-40EF-BA27-906144F1F144}.Release|Any CPU.Build.0 = Release|Any CPU
		{56AABDBE-0A43-4301-9406-16A01D4C26CF}.Debug|Any CPU.ActiveCfg = Debug|Any CPU
		{56AABDBE-0A43-4301-9406-16A01D4C26CF}.Debug|Any CPU.Build.0 = Debug|Any CPU
		{56AABDBE-0A43-4301-9406-16A01D4C26CF}.Release|Any CPU.ActiveCfg = Release|Any CPU
		{56AABDBE-0A43-4301-9406-16A01D4C26CF}.Release|Any CPU.Build.0 = Release|Any CPU
		{7B3D8479-13E7-4343-A946-08561D10ACA2}.Debug|Any CPU.ActiveCfg = Debug|Any CPU
		{7B3D8479-13E7-4343-A946-08561D10ACA2}.Debug|Any CPU.Build.0 = Debug|Any CPU
		{7B3D8479-13E7-4343-A946-08561D10ACA2}.Release|Any CPU.ActiveCfg = Release|Any CPU
		{7B3D8479-13E7-4343-A946-08561D10ACA2}.Release|Any CPU.Build.0 = Release|Any CPU
		{7E0B04E6-F400-46DE-A27A-84A2D25C9CD2}.Debug|Any CPU.ActiveCfg = Debug|Any CPU
		{7E0B04E6-F400-46DE-A27A-84A2D25C9CD2}.Debug|Any CPU.Build.0 = Debug|Any CPU
		{7E0B04E6-F400-46DE-A27A-84A2D25C9CD2}.Release|Any CPU.ActiveCfg = Release|Any CPU
		{7E0B04E6-F400-46DE-A27A-84A2D25C9CD2}.Release|Any CPU.Build.0 = Release|Any CPU
	EndGlobalSection
	GlobalSection(SolutionProperties) = preSolution
		HideSolutionNode = FALSE
	EndGlobalSection
	GlobalSection(ExtensibilityGlobals) = postSolution
		SolutionGuid = {60FA9A65-EBA9-44EE-86A3-716D59D13F53}
	EndGlobalSection
EndGlobal
